// !$*UTF8*$!
{
	archiveVersion = 1;
	classes = {
	};
	objectVersion = 46;
	objects = {

/* Begin PBXBuildFile section */
		370055FF1D541B8700F875B8 /* StandingAnimalViewController.swift in Sources */ = {isa = PBXBuildFile; fileRef = 370055FE1D541B8700F875B8 /* StandingAnimalViewController.swift */; };
		370056011D541C7800F875B8 /* Public.swift in Sources */ = {isa = PBXBuildFile; fileRef = 370056001D541C7800F875B8 /* Public.swift */; };
		372C63361D4E7AC300EB32A8 /* AnimalGameViewController.swift in Sources */ = {isa = PBXBuildFile; fileRef = 372C63351D4E7AC300EB32A8 /* AnimalGameViewController.swift */; };
		3738AE801D3D888600BBC67D /* AppDelegate.swift in Sources */ = {isa = PBXBuildFile; fileRef = 3738AE7F1D3D888600BBC67D /* AppDelegate.swift */; };
		3738AE871D3D888600BBC67D /* Assets.xcassets in Resources */ = {isa = PBXBuildFile; fileRef = 3738AE861D3D888600BBC67D /* Assets.xcassets */; };
		3738AE8A1D3D888600BBC67D /* LaunchScreen.storyboard in Resources */ = {isa = PBXBuildFile; fileRef = 3738AE881D3D888600BBC67D /* LaunchScreen.storyboard */; };
		3738AE951D3D888600BBC67D /* Rex_Tackular_AdventuresTests.swift in Sources */ = {isa = PBXBuildFile; fileRef = 3738AE941D3D888600BBC67D /* Rex_Tackular_AdventuresTests.swift */; };
		3738AEA01D3D894E00BBC67D /* InitalCollectionViewController.swift in Sources */ = {isa = PBXBuildFile; fileRef = 3738AE9F1D3D894E00BBC67D /* InitalCollectionViewController.swift */; };
		3738AEA21D3D8D5800BBC67D /* animals.swift in Sources */ = {isa = PBXBuildFile; fileRef = 3738AEA11D3D8D5800BBC67D /* animals.swift */; };
		37F2263D1D542D3E0072FC84 /* BirdAnimationView.swift in Sources */ = {isa = PBXBuildFile; fileRef = 37F2263C1D542D3E0072FC84 /* BirdAnimationView.swift */; };
		37F226541D554E240072FC84 /* Door.png in Resources */ = {isa = PBXBuildFile; fileRef = 37F2264F1D554E240072FC84 /* Door.png */; };
		37F226551D554E240072FC84 /* Foot.png in Resources */ = {isa = PBXBuildFile; fileRef = 37F226501D554E240072FC84 /* Foot.png */; };
		37F226561D554E240072FC84 /* LargeBody.png in Resources */ = {isa = PBXBuildFile; fileRef = 37F226511D554E240072FC84 /* LargeBody.png */; };
		37F2265B1D554E930072FC84 /* CrateAnimationsView.swift in Sources */ = {isa = PBXBuildFile; fileRef = 37F226591D554E930072FC84 /* CrateAnimationsView.swift */; };
		37F226631D5550290072FC84 /* Opencrate.png in Resources */ = {isa = PBXBuildFile; fileRef = 37F226621D5550290072FC84 /* Opencrate.png */; };
		913048DDBC9F7BCDF5CBC70B /* Pods_Rex_Tackular_AdventuresTests.framework in Frameworks */ = {isa = PBXBuildFile; fileRef = 70A737C7124649EA0DB7665E /* Pods_Rex_Tackular_AdventuresTests.framework */; };
		DB77029ADCF85807AA0C5C6C /* Pods_Rex_Tackular_Adventures.framework in Frameworks */ = {isa = PBXBuildFile; fileRef = A126F2762880DB5ED05A2D50 /* Pods_Rex_Tackular_Adventures.framework */; };
/* End PBXBuildFile section */

/* Begin PBXContainerItemProxy section */
		3738AE911D3D888600BBC67D /* PBXContainerItemProxy */ = {
			isa = PBXContainerItemProxy;
			containerPortal = 3738AE741D3D888500BBC67D /* Project object */;
			proxyType = 1;
			remoteGlobalIDString = 3738AE7B1D3D888600BBC67D;
			remoteInfo = "Rex Tackular Adventures";
		};
/* End PBXContainerItemProxy section */

/* Begin PBXFileReference section */
		2D58DEAABF7E222648F03C86 /* Pods-Rex Tackular Adventures.debug.xcconfig */ = {isa = PBXFileReference; includeInIndex = 1; lastKnownFileType = text.xcconfig; name = "Pods-Rex Tackular Adventures.debug.xcconfig"; path = "Pods/Target Support Files/Pods-Rex Tackular Adventures/Pods-Rex Tackular Adventures.debug.xcconfig"; sourceTree = "<group>"; };
		370055FE1D541B8700F875B8 /* StandingAnimalViewController.swift */ = {isa = PBXFileReference; fileEncoding = 4; lastKnownFileType = sourcecode.swift; path = StandingAnimalViewController.swift; sourceTree = "<group>"; };
		370056001D541C7800F875B8 /* Public.swift */ = {isa = PBXFileReference; fileEncoding = 4; lastKnownFileType = sourcecode.swift; path = Public.swift; sourceTree = "<group>"; };
		372C63351D4E7AC300EB32A8 /* AnimalGameViewController.swift */ = {isa = PBXFileReference; fileEncoding = 4; lastKnownFileType = sourcecode.swift; path = AnimalGameViewController.swift; sourceTree = "<group>"; };
		3738AE7C1D3D888600BBC67D /* Rex Tackular Adventures.app */ = {isa = PBXFileReference; explicitFileType = wrapper.application; includeInIndex = 0; path = "Rex Tackular Adventures.app"; sourceTree = BUILT_PRODUCTS_DIR; };
		3738AE7F1D3D888600BBC67D /* AppDelegate.swift */ = {isa = PBXFileReference; lastKnownFileType = sourcecode.swift; path = AppDelegate.swift; sourceTree = "<group>"; };
		3738AE861D3D888600BBC67D /* Assets.xcassets */ = {isa = PBXFileReference; lastKnownFileType = folder.assetcatalog; path = Assets.xcassets; sourceTree = "<group>"; };
		3738AE891D3D888600BBC67D /* Base */ = {isa = PBXFileReference; lastKnownFileType = file.storyboard; name = Base; path = Base.lproj/LaunchScreen.storyboard; sourceTree = "<group>"; };
		3738AE8B1D3D888600BBC67D /* Info.plist */ = {isa = PBXFileReference; lastKnownFileType = text.plist.xml; path = Info.plist; sourceTree = "<group>"; };
		3738AE901D3D888600BBC67D /* Rex Tackular AdventuresTests.xctest */ = {isa = PBXFileReference; explicitFileType = wrapper.cfbundle; includeInIndex = 0; path = "Rex Tackular AdventuresTests.xctest"; sourceTree = BUILT_PRODUCTS_DIR; };
		3738AE941D3D888600BBC67D /* Rex_Tackular_AdventuresTests.swift */ = {isa = PBXFileReference; lastKnownFileType = sourcecode.swift; path = Rex_Tackular_AdventuresTests.swift; sourceTree = "<group>"; };
		3738AE961D3D888600BBC67D /* Info.plist */ = {isa = PBXFileReference; lastKnownFileType = text.plist.xml; path = Info.plist; sourceTree = "<group>"; };
		3738AE9F1D3D894E00BBC67D /* InitalCollectionViewController.swift */ = {isa = PBXFileReference; fileEncoding = 4; lastKnownFileType = sourcecode.swift; path = InitalCollectionViewController.swift; sourceTree = "<group>"; };
		3738AEA11D3D8D5800BBC67D /* animals.swift */ = {isa = PBXFileReference; fileEncoding = 4; lastKnownFileType = sourcecode.swift; path = animals.swift; sourceTree = "<group>"; };
		37F2263C1D542D3E0072FC84 /* BirdAnimationView.swift */ = {isa = PBXFileReference; fileEncoding = 4; lastKnownFileType = sourcecode.swift; path = BirdAnimationView.swift; sourceTree = "<group>"; };
		37F2264F1D554E240072FC84 /* Door.png */ = {isa = PBXFileReference; lastKnownFileType = image.png; name = Door.png; path = images/Door.png; sourceTree = "<group>"; };
		37F226501D554E240072FC84 /* Foot.png */ = {isa = PBXFileReference; lastKnownFileType = image.png; name = Foot.png; path = images/Foot.png; sourceTree = "<group>"; };
		37F226511D554E240072FC84 /* LargeBody.png */ = {isa = PBXFileReference; lastKnownFileType = image.png; name = LargeBody.png; path = images/LargeBody.png; sourceTree = "<group>"; };
		37F226591D554E930072FC84 /* CrateAnimationsView.swift */ = {isa = PBXFileReference; fileEncoding = 4; lastKnownFileType = sourcecode.swift; path = CrateAnimationsView.swift; sourceTree = "<group>"; };
		37F226621D5550290072FC84 /* Opencrate.png */ = {isa = PBXFileReference; lastKnownFileType = image.png; path = Opencrate.png; sourceTree = "<group>"; };
		5199F79C68F9841E2C337F33 /* Pods-Rex Tackular AdventuresTests.release.xcconfig */ = {isa = PBXFileReference; includeInIndex = 1; lastKnownFileType = text.xcconfig; name = "Pods-Rex Tackular AdventuresTests.release.xcconfig"; path = "Pods/Target Support Files/Pods-Rex Tackular AdventuresTests/Pods-Rex Tackular AdventuresTests.release.xcconfig"; sourceTree = "<group>"; };
		70A737C7124649EA0DB7665E /* Pods_Rex_Tackular_AdventuresTests.framework */ = {isa = PBXFileReference; explicitFileType = wrapper.framework; includeInIndex = 0; path = Pods_Rex_Tackular_AdventuresTests.framework; sourceTree = BUILT_PRODUCTS_DIR; };
		A126F2762880DB5ED05A2D50 /* Pods_Rex_Tackular_Adventures.framework */ = {isa = PBXFileReference; explicitFileType = wrapper.framework; includeInIndex = 0; path = Pods_Rex_Tackular_Adventures.framework; sourceTree = BUILT_PRODUCTS_DIR; };
		B6919469FB425D5D59813E4F /* Pods-Rex Tackular AdventuresTests.debug.xcconfig */ = {isa = PBXFileReference; includeInIndex = 1; lastKnownFileType = text.xcconfig; name = "Pods-Rex Tackular AdventuresTests.debug.xcconfig"; path = "Pods/Target Support Files/Pods-Rex Tackular AdventuresTests/Pods-Rex Tackular AdventuresTests.debug.xcconfig"; sourceTree = "<group>"; };
		FF5A1202828CCA04FC6F6C4B /* Pods-Rex Tackular Adventures.release.xcconfig */ = {isa = PBXFileReference; includeInIndex = 1; lastKnownFileType = text.xcconfig; name = "Pods-Rex Tackular Adventures.release.xcconfig"; path = "Pods/Target Support Files/Pods-Rex Tackular Adventures/Pods-Rex Tackular Adventures.release.xcconfig"; sourceTree = "<group>"; };
/* End PBXFileReference section */

/* Begin PBXFrameworksBuildPhase section */
		3738AE791D3D888600BBC67D /* Frameworks */ = {
			isa = PBXFrameworksBuildPhase;
			buildActionMask = 2147483647;
			files = (
				DB77029ADCF85807AA0C5C6C /* Pods_Rex_Tackular_Adventures.framework in Frameworks */,
			);
			runOnlyForDeploymentPostprocessing = 0;
		};
		3738AE8D1D3D888600BBC67D /* Frameworks */ = {
			isa = PBXFrameworksBuildPhase;
			buildActionMask = 2147483647;
			files = (
				913048DDBC9F7BCDF5CBC70B /* Pods_Rex_Tackular_AdventuresTests.framework in Frameworks */,
			);
			runOnlyForDeploymentPostprocessing = 0;
		};
/* End PBXFrameworksBuildPhase section */

/* Begin PBXGroup section */
		3738AE731D3D888500BBC67D = {
			isa = PBXGroup;
			children = (
				3738AE7E1D3D888600BBC67D /* Rex Tackular Adventures */,
				3738AE931D3D888600BBC67D /* Rex Tackular AdventuresTests */,
				3738AE7D1D3D888600BBC67D /* Products */,
				E24EFB326857C1EE281B4419 /* Pods */,
				D6BA630E4BA697B8B444A6F2 /* Frameworks */,
			);
			sourceTree = "<group>";
		};
		3738AE7D1D3D888600BBC67D /* Products */ = {
			isa = PBXGroup;
			children = (
				3738AE7C1D3D888600BBC67D /* Rex Tackular Adventures.app */,
				3738AE901D3D888600BBC67D /* Rex Tackular AdventuresTests.xctest */,
			);
			name = Products;
			sourceTree = "<group>";
		};
		3738AE7E1D3D888600BBC67D /* Rex Tackular Adventures */ = {
			isa = PBXGroup;
			children = (
				3738AE7F1D3D888600BBC67D /* AppDelegate.swift */,
				370055FE1D541B8700F875B8 /* StandingAnimalViewController.swift */,
				3738AE9F1D3D894E00BBC67D /* InitalCollectionViewController.swift */,
				372C63351D4E7AC300EB32A8 /* AnimalGameViewController.swift */,
				37F2263C1D542D3E0072FC84 /* BirdAnimationView.swift */,
				37F226591D554E930072FC84 /* CrateAnimationsView.swift */,
				370056001D541C7800F875B8 /* Public.swift */,
				37473F611D4E70AA00741F7B /* images */,
				37F2265D1D554ED10072FC84 /* actualImages */,
				3738AEA11D3D8D5800BBC67D /* animals.swift */,
				3738AE861D3D888600BBC67D /* Assets.xcassets */,
				3738AE881D3D888600BBC67D /* LaunchScreen.storyboard */,
				3738AE8B1D3D888600BBC67D /* Info.plist */,
			);
			path = "Rex Tackular Adventures";
			sourceTree = "<group>";
		};
		3738AE931D3D888600BBC67D /* Rex Tackular AdventuresTests */ = {
			isa = PBXGroup;
			children = (
				3738AE941D3D888600BBC67D /* Rex_Tackular_AdventuresTests.swift */,
				3738AE961D3D888600BBC67D /* Info.plist */,
			);
			path = "Rex Tackular AdventuresTests";
			sourceTree = "<group>";
		};
		37473F611D4E70AA00741F7B /* images */ = {
			isa = PBXGroup;
			children = (
			);
			path = images;
			sourceTree = "<group>";
		};
		37F2265D1D554ED10072FC84 /* actualImages */ = {
			isa = PBXGroup;
			children = (
				37F2264F1D554E240072FC84 /* Door.png */,
				37F226501D554E240072FC84 /* Foot.png */,
				37F226621D5550290072FC84 /* Opencrate.png */,
				37F226511D554E240072FC84 /* LargeBody.png */,
			);
			name = actualImages;
			sourceTree = "<group>";
		};
		D6BA630E4BA697B8B444A6F2 /* Frameworks */ = {
			isa = PBXGroup;
			children = (
				A126F2762880DB5ED05A2D50 /* Pods_Rex_Tackular_Adventures.framework */,
				70A737C7124649EA0DB7665E /* Pods_Rex_Tackular_AdventuresTests.framework */,
			);
			name = Frameworks;
			sourceTree = "<group>";
		};
		E24EFB326857C1EE281B4419 /* Pods */ = {
			isa = PBXGroup;
			children = (
				2D58DEAABF7E222648F03C86 /* Pods-Rex Tackular Adventures.debug.xcconfig */,
				FF5A1202828CCA04FC6F6C4B /* Pods-Rex Tackular Adventures.release.xcconfig */,
				B6919469FB425D5D59813E4F /* Pods-Rex Tackular AdventuresTests.debug.xcconfig */,
				5199F79C68F9841E2C337F33 /* Pods-Rex Tackular AdventuresTests.release.xcconfig */,
			);
			name = Pods;
			sourceTree = "<group>";
		};
/* End PBXGroup section */

/* Begin PBXNativeTarget section */
		3738AE7B1D3D888600BBC67D /* Rex Tackular Adventures */ = {
			isa = PBXNativeTarget;
			buildConfigurationList = 3738AE991D3D888600BBC67D /* Build configuration list for PBXNativeTarget "Rex Tackular Adventures" */;
			buildPhases = (
				46D3CD20FE3E1291E8130BC6 /* [CP] Check Pods Manifest.lock */,
				3738AE781D3D888600BBC67D /* Sources */,
				3738AE791D3D888600BBC67D /* Frameworks */,
				3738AE7A1D3D888600BBC67D /* Resources */,
				B9DFD6AB590FDEDAB672EAAA /* [CP] Embed Pods Frameworks */,
				5D17443155C812872C1CACFA /* [CP] Copy Pods Resources */,
			);
			buildRules = (
			);
			dependencies = (
			);
			name = "Rex Tackular Adventures";
			productName = "Rex Tackular Adventures";
			productReference = 3738AE7C1D3D888600BBC67D /* Rex Tackular Adventures.app */;
			productType = "com.apple.product-type.application";
		};
		3738AE8F1D3D888600BBC67D /* Rex Tackular AdventuresTests */ = {
			isa = PBXNativeTarget;
			buildConfigurationList = 3738AE9C1D3D888600BBC67D /* Build configuration list for PBXNativeTarget "Rex Tackular AdventuresTests" */;
			buildPhases = (
				CE92BD670198E58C25D51297 /* [CP] Check Pods Manifest.lock */,
				3738AE8C1D3D888600BBC67D /* Sources */,
				3738AE8D1D3D888600BBC67D /* Frameworks */,
				3738AE8E1D3D888600BBC67D /* Resources */,
				DA50FD4090CD828AF32A0EDC /* [CP] Embed Pods Frameworks */,
				AB023EE08821D085E9B9AB3A /* [CP] Copy Pods Resources */,
			);
			buildRules = (
			);
			dependencies = (
				3738AE921D3D888600BBC67D /* PBXTargetDependency */,
			);
			name = "Rex Tackular AdventuresTests";
			productName = "Rex Tackular AdventuresTests";
			productReference = 3738AE901D3D888600BBC67D /* Rex Tackular AdventuresTests.xctest */;
			productType = "com.apple.product-type.bundle.unit-test";
		};
/* End PBXNativeTarget section */

/* Begin PBXProject section */
		3738AE741D3D888500BBC67D /* Project object */ = {
			isa = PBXProject;
			attributes = {
				LastSwiftUpdateCheck = 0730;
				LastUpgradeCheck = 0730;
				ORGANIZATIONNAME = MacMeDan;
				TargetAttributes = {
					3738AE7B1D3D888600BBC67D = {
						CreatedOnToolsVersion = 7.3.1;
					};
					3738AE8F1D3D888600BBC67D = {
						CreatedOnToolsVersion = 7.3.1;
						TestTargetID = 3738AE7B1D3D888600BBC67D;
					};
				};
			};
			buildConfigurationList = 3738AE771D3D888500BBC67D /* Build configuration list for PBXProject "Rex Tackular Adventures" */;
			compatibilityVersion = "Xcode 3.2";
			developmentRegion = English;
			hasScannedForEncodings = 0;
			knownRegions = (
				en,
				Base,
			);
			mainGroup = 3738AE731D3D888500BBC67D;
			productRefGroup = 3738AE7D1D3D888600BBC67D /* Products */;
			projectDirPath = "";
			projectRoot = "";
			targets = (
				3738AE7B1D3D888600BBC67D /* Rex Tackular Adventures */,
				3738AE8F1D3D888600BBC67D /* Rex Tackular AdventuresTests */,
			);
		};
/* End PBXProject section */

/* Begin PBXResourcesBuildPhase section */
		3738AE7A1D3D888600BBC67D /* Resources */ = {
			isa = PBXResourcesBuildPhase;
			buildActionMask = 2147483647;
			files = (
				37F226561D554E240072FC84 /* LargeBody.png in Resources */,
				37F226541D554E240072FC84 /* Door.png in Resources */,
				37F226551D554E240072FC84 /* Foot.png in Resources */,
				3738AE8A1D3D888600BBC67D /* LaunchScreen.storyboard in Resources */,
				3738AE871D3D888600BBC67D /* Assets.xcassets in Resources */,
				37F226631D5550290072FC84 /* Opencrate.png in Resources */,
			);
			runOnlyForDeploymentPostprocessing = 0;
		};
		3738AE8E1D3D888600BBC67D /* Resources */ = {
			isa = PBXResourcesBuildPhase;
			buildActionMask = 2147483647;
			files = (
			);
			runOnlyForDeploymentPostprocessing = 0;
		};
/* End PBXResourcesBuildPhase section */

/* Begin PBXShellScriptBuildPhase section */
		46D3CD20FE3E1291E8130BC6 /* [CP] Check Pods Manifest.lock */ = {
			isa = PBXShellScriptBuildPhase;
			buildActionMask = 2147483647;
			files = (
			);
			inputPaths = (
			);
			name = "[CP] Check Pods Manifest.lock";
			outputPaths = (
			);
			runOnlyForDeploymentPostprocessing = 0;
			shellPath = /bin/sh;
			shellScript = "diff \"${PODS_ROOT}/../Podfile.lock\" \"${PODS_ROOT}/Manifest.lock\" > /dev/null\nif [[ $? != 0 ]] ; then\n    cat << EOM\nerror: The sandbox is not in sync with the Podfile.lock. Run 'pod install' or update your CocoaPods installation.\nEOM\n    exit 1\nfi\n";
			showEnvVarsInLog = 0;
		};
		5D17443155C812872C1CACFA /* [CP] Copy Pods Resources */ = {
			isa = PBXShellScriptBuildPhase;
			buildActionMask = 2147483647;
			files = (
			);
			inputPaths = (
			);
			name = "[CP] Copy Pods Resources";
			outputPaths = (
			);
			runOnlyForDeploymentPostprocessing = 0;
			shellPath = /bin/sh;
			shellScript = "\"${SRCROOT}/Pods/Target Support Files/Pods-Rex Tackular Adventures/Pods-Rex Tackular Adventures-resources.sh\"\n";
			showEnvVarsInLog = 0;
		};
		AB023EE08821D085E9B9AB3A /* [CP] Copy Pods Resources */ = {
			isa = PBXShellScriptBuildPhase;
			buildActionMask = 2147483647;
			files = (
			);
			inputPaths = (
			);
			name = "[CP] Copy Pods Resources";
			outputPaths = (
			);
			runOnlyForDeploymentPostprocessing = 0;
			shellPath = /bin/sh;
			shellScript = "\"${SRCROOT}/Pods/Target Support Files/Pods-Rex Tackular AdventuresTests/Pods-Rex Tackular AdventuresTests-resources.sh\"\n";
			showEnvVarsInLog = 0;
		};
		B9DFD6AB590FDEDAB672EAAA /* [CP] Embed Pods Frameworks */ = {
			isa = PBXShellScriptBuildPhase;
			buildActionMask = 2147483647;
			files = (
			);
			inputPaths = (
			);
			name = "[CP] Embed Pods Frameworks";
			outputPaths = (
			);
			runOnlyForDeploymentPostprocessing = 0;
			shellPath = /bin/sh;
			shellScript = "\"${SRCROOT}/Pods/Target Support Files/Pods-Rex Tackular Adventures/Pods-Rex Tackular Adventures-frameworks.sh\"\n";
			showEnvVarsInLog = 0;
		};
		CE92BD670198E58C25D51297 /* [CP] Check Pods Manifest.lock */ = {
			isa = PBXShellScriptBuildPhase;
			buildActionMask = 2147483647;
			files = (
			);
			inputPaths = (
			);
			name = "[CP] Check Pods Manifest.lock";
			outputPaths = (
			);
			runOnlyForDeploymentPostprocessing = 0;
			shellPath = /bin/sh;
			shellScript = "diff \"${PODS_ROOT}/../Podfile.lock\" \"${PODS_ROOT}/Manifest.lock\" > /dev/null\nif [[ $? != 0 ]] ; then\n    cat << EOM\nerror: The sandbox is not in sync with the Podfile.lock. Run 'pod install' or update your CocoaPods installation.\nEOM\n    exit 1\nfi\n";
			showEnvVarsInLog = 0;
		};
		DA50FD4090CD828AF32A0EDC /* [CP] Embed Pods Frameworks */ = {
			isa = PBXShellScriptBuildPhase;
			buildActionMask = 2147483647;
			files = (
			);
			inputPaths = (
			);
			name = "[CP] Embed Pods Frameworks";
			outputPaths = (
			);
			runOnlyForDeploymentPostprocessing = 0;
			shellPath = /bin/sh;
			shellScript = "\"${SRCROOT}/Pods/Target Support Files/Pods-Rex Tackular AdventuresTests/Pods-Rex Tackular AdventuresTests-frameworks.sh\"\n";
			showEnvVarsInLog = 0;
		};
/* End PBXShellScriptBuildPhase section */

/* Begin PBXSourcesBuildPhase section */
		3738AE781D3D888600BBC67D /* Sources */ = {
			isa = PBXSourcesBuildPhase;
			buildActionMask = 2147483647;
			files = (
				3738AEA21D3D8D5800BBC67D /* animals.swift in Sources */,
				370055FF1D541B8700F875B8 /* StandingAnimalViewController.swift in Sources */,
				3738AEA01D3D894E00BBC67D /* InitalCollectionViewController.swift in Sources */,
				372C63361D4E7AC300EB32A8 /* AnimalGameViewController.swift in Sources */,
				370056011D541C7800F875B8 /* Public.swift in Sources */,
				37F2265B1D554E930072FC84 /* CrateAnimationsView.swift in Sources */,
				37F2263D1D542D3E0072FC84 /* BirdAnimationView.swift in Sources */,
				3738AE801D3D888600BBC67D /* AppDelegate.swift in Sources */,
			);
			runOnlyForDeploymentPostprocessing = 0;
		};
		3738AE8C1D3D888600BBC67D /* Sources */ = {
			isa = PBXSourcesBuildPhase;
			buildActionMask = 2147483647;
			files = (
				3738AE951D3D888600BBC67D /* Rex_Tackular_AdventuresTests.swift in Sources */,
			);
			runOnlyForDeploymentPostprocessing = 0;
		};
/* End PBXSourcesBuildPhase section */

/* Begin PBXTargetDependency section */
		3738AE921D3D888600BBC67D /* PBXTargetDependency */ = {
			isa = PBXTargetDependency;
			target = 3738AE7B1D3D888600BBC67D /* Rex Tackular Adventures */;
			targetProxy = 3738AE911D3D888600BBC67D /* PBXContainerItemProxy */;
		};
/* End PBXTargetDependency section */

/* Begin PBXVariantGroup section */
		3738AE881D3D888600BBC67D /* LaunchScreen.storyboard */ = {
			isa = PBXVariantGroup;
			children = (
				3738AE891D3D888600BBC67D /* Base */,
			);
			name = LaunchScreen.storyboard;
			sourceTree = "<group>";
		};
/* End PBXVariantGroup section */

/* Begin XCBuildConfiguration section */
		3738AE971D3D888600BBC67D /* Debug */ = {
			isa = XCBuildConfiguration;
			buildSettings = {
				ALWAYS_SEARCH_USER_PATHS = NO;
				CLANG_ANALYZER_NONNULL = YES;
				CLANG_CXX_LANGUAGE_STANDARD = "gnu++0x";
				CLANG_CXX_LIBRARY = "libc++";
				CLANG_ENABLE_MODULES = YES;
				CLANG_ENABLE_OBJC_ARC = YES;
				CLANG_WARN_BOOL_CONVERSION = YES;
				CLANG_WARN_CONSTANT_CONVERSION = YES;
				CLANG_WARN_DIRECT_OBJC_ISA_USAGE = YES_ERROR;
				CLANG_WARN_EMPTY_BODY = YES;
				CLANG_WARN_ENUM_CONVERSION = YES;
				CLANG_WARN_INT_CONVERSION = YES;
				CLANG_WARN_OBJC_ROOT_CLASS = YES_ERROR;
				CLANG_WARN_UNREACHABLE_CODE = YES;
				CLANG_WARN__DUPLICATE_METHOD_MATCH = YES;
				"CODE_SIGN_IDENTITY[sdk=iphoneos*]" = "iPhone Developer";
				COPY_PHASE_STRIP = NO;
				DEBUG_INFORMATION_FORMAT = dwarf;
				ENABLE_STRICT_OBJC_MSGSEND = YES;
				ENABLE_TESTABILITY = YES;
				GCC_C_LANGUAGE_STANDARD = gnu99;
				GCC_DYNAMIC_NO_PIC = NO;
				GCC_NO_COMMON_BLOCKS = YES;
				GCC_OPTIMIZATION_LEVEL = 0;
				GCC_PREPROCESSOR_DEFINITIONS = (
					"DEBUG=1",
					"$(inherited)",
				);
				GCC_WARN_64_TO_32_BIT_CONVERSION = YES;
				GCC_WARN_ABOUT_RETURN_TYPE = YES_ERROR;
				GCC_WARN_UNDECLARED_SELECTOR = YES;
				GCC_WARN_UNINITIALIZED_AUTOS = YES_AGGRESSIVE;
				GCC_WARN_UNUSED_FUNCTION = YES;
				GCC_WARN_UNUSED_VARIABLE = YES;
				IPHONEOS_DEPLOYMENT_TARGET = 9.3;
				MTL_ENABLE_DEBUG_INFO = YES;
				ONLY_ACTIVE_ARCH = YES;
				SDKROOT = iphoneos;
				SWIFT_OPTIMIZATION_LEVEL = "-Onone";
				TARGETED_DEVICE_FAMILY = "1,2";
			};
			name = Debug;
		};
		3738AE981D3D888600BBC67D /* Release */ = {
			isa = XCBuildConfiguration;
			buildSettings = {
				ALWAYS_SEARCH_USER_PATHS = NO;
				CLANG_ANALYZER_NONNULL = YES;
				CLANG_CXX_LANGUAGE_STANDARD = "gnu++0x";
				CLANG_CXX_LIBRARY = "libc++";
				CLANG_ENABLE_MODULES = YES;
				CLANG_ENABLE_OBJC_ARC = YES;
				CLANG_WARN_BOOL_CONVERSION = YES;
				CLANG_WARN_CONSTANT_CONVERSION = YES;
				CLANG_WARN_DIRECT_OBJC_ISA_USAGE = YES_ERROR;
				CLANG_WARN_EMPTY_BODY = YES;
				CLANG_WARN_ENUM_CONVERSION = YES;
				CLANG_WARN_INT_CONVERSION = YES;
				CLANG_WARN_OBJC_ROOT_CLASS = YES_ERROR;
				CLANG_WARN_UNREACHABLE_CODE = YES;
				CLANG_WARN__DUPLICATE_METHOD_MATCH = YES;
				"CODE_SIGN_IDENTITY[sdk=iphoneos*]" = "iPhone Developer";
				COPY_PHASE_STRIP = NO;
				DEBUG_INFORMATION_FORMAT = "dwarf-with-dsym";
				ENABLE_NS_ASSERTIONS = NO;
				ENABLE_STRICT_OBJC_MSGSEND = YES;
				GCC_C_LANGUAGE_STANDARD = gnu99;
				GCC_NO_COMMON_BLOCKS = YES;
				GCC_WARN_64_TO_32_BIT_CONVERSION = YES;
				GCC_WARN_ABOUT_RETURN_TYPE = YES_ERROR;
				GCC_WARN_UNDECLARED_SELECTOR = YES;
				GCC_WARN_UNINITIALIZED_AUTOS = YES_AGGRESSIVE;
				GCC_WARN_UNUSED_FUNCTION = YES;
				GCC_WARN_UNUSED_VARIABLE = YES;
				IPHONEOS_DEPLOYMENT_TARGET = 9.3;
				MTL_ENABLE_DEBUG_INFO = NO;
				SDKROOT = iphoneos;
				TARGETED_DEVICE_FAMILY = "1,2";
				VALIDATE_PRODUCT = YES;
			};
			name = Release;
		};
		3738AE9A1D3D888600BBC67D /* Debug */ = {
			isa = XCBuildConfiguration;
			baseConfigurationReference = 2D58DEAABF7E222648F03C86 /* Pods-Rex Tackular Adventures.debug.xcconfig */;
			buildSettings = {
				ASSETCATALOG_COMPILER_APPICON_NAME = AppIcon;
				CODE_SIGN_IDENTITY = "iPhone Developer";
				"CODE_SIGN_IDENTITY[sdk=iphoneos*]" = "iPhone Developer";
				INFOPLIST_FILE = "Rex Tackular Adventures/Info.plist";
				LD_RUNPATH_SEARCH_PATHS = "$(inherited) @executable_path/Frameworks";
				PRODUCT_BUNDLE_IDENTIFIER = "MacMeDan.Rex-Tackular-Adventures";
				PRODUCT_NAME = "$(TARGET_NAME)";
				PROVISIONING_PROFILE = "";
			};
			name = Debug;
		};
		3738AE9B1D3D888600BBC67D /* Release */ = {
			isa = XCBuildConfiguration;
			baseConfigurationReference = FF5A1202828CCA04FC6F6C4B /* Pods-Rex Tackular Adventures.release.xcconfig */;
			buildSettings = {
				ASSETCATALOG_COMPILER_APPICON_NAME = AppIcon;
				CODE_SIGN_IDENTITY = "iPhone Developer";
				"CODE_SIGN_IDENTITY[sdk=iphoneos*]" = "iPhone Developer";
				INFOPLIST_FILE = "Rex Tackular Adventures/Info.plist";
				LD_RUNPATH_SEARCH_PATHS = "$(inherited) @executable_path/Frameworks";
				PRODUCT_BUNDLE_IDENTIFIER = "MacMeDan.Rex-Tackular-Adventures";
				PRODUCT_NAME = "$(TARGET_NAME)";
				PROVISIONING_PROFILE = "";
			};
			name = Release;
		};
		3738AE9D1D3D888600BBC67D /* Debug */ = {
			isa = XCBuildConfiguration;
			baseConfigurationReference = B6919469FB425D5D59813E4F /* Pods-Rex Tackular AdventuresTests.debug.xcconfig */;
			buildSettings = {
				BUNDLE_LOADER = "$(TEST_HOST)";
				INFOPLIST_FILE = "Rex Tackular AdventuresTests/Info.plist";
				LD_RUNPATH_SEARCH_PATHS = "$(inherited) @executable_path/Frameworks @loader_path/Frameworks";
				PRODUCT_BUNDLE_IDENTIFIER = "MacMeDan.Rex-Tackular-AdventuresTests";
				PRODUCT_NAME = "$(TARGET_NAME)";
				TEST_HOST = "$(BUILT_PRODUCTS_DIR)/Rex Tackular Adventures.app/Rex Tackular Adventures";
			};
			name = Debug;
		};
		3738AE9E1D3D888600BBC67D /* Release */ = {
			isa = XCBuildConfiguration;
			baseConfigurationReference = 5199F79C68F9841E2C337F33 /* Pods-Rex Tackular AdventuresTests.release.xcconfig */;
			buildSettings = {
				BUNDLE_LOADER = "$(TEST_HOST)";
				INFOPLIST_FILE = "Rex Tackular AdventuresTests/Info.plist";
				LD_RUNPATH_SEARCH_PATHS = "$(inherited) @executable_path/Frameworks @loader_path/Frameworks";
				PRODUCT_BUNDLE_IDENTIFIER = "MacMeDan.Rex-Tackular-AdventuresTests";
				PRODUCT_NAME = "$(TARGET_NAME)";
				TEST_HOST = "$(BUILT_PRODUCTS_DIR)/Rex Tackular Adventures.app/Rex Tackular Adventures";
			};
			name = Release;
		};
/* End XCBuildConfiguration section */

/* Begin XCConfigurationList section */
		3738AE771D3D888500BBC67D /* Build configuration list for PBXProject "Rex Tackular Adventures" */ = {
			isa = XCConfigurationList;
			buildConfigurations = (
				3738AE971D3D888600BBC67D /* Debug */,
				3738AE981D3D888600BBC67D /* Release */,
			);
			defaultConfigurationIsVisible = 0;
			defaultConfigurationName = Release;
		};
		3738AE991D3D888600BBC67D /* Build configuration list for PBXNativeTarget "Rex Tackular Adventures" */ = {
			isa = XCConfigurationList;
			buildConfigurations = (
				3738AE9A1D3D888600BBC67D /* Debug */,
				3738AE9B1D3D888600BBC67D /* Release */,
			);
			defaultConfigurationIsVisible = 0;
			defaultConfigurationName = Release;
		};
		3738AE9C1D3D888600BBC67D /* Build configuration list for PBXNativeTarget "Rex Tackular AdventuresTests" */ = {
			isa = XCConfigurationList;
			buildConfigurations = (
				3738AE9D1D3D888600BBC67D /* Debug */,
				3738AE9E1D3D888600BBC67D /* Release */,
			);
			defaultConfigurationIsVisible = 0;
			defaultConfigurationName = Release;
		};
/* End XCConfigurationList section */
	};
	rootObject = 3738AE741D3D888500BBC67D /* Project object */;
}
